
Microsoft Visual Studio Solution File, Format Version 12.00
# Visual Studio Version 16
VisualStudioVersion = 16.0.31515.178
MinimumVisualStudioVersion = 10.0.40219.1
Project("{FAE04EC0-301F-11D3-BF4B-00C04F79EFBC}") = "ExercícioVariaveis", "ExercícioVariaveis\ExercícioVariaveis.csproj", "{3974CA24-0CB1-4971-9CFF-FDE7B266872D}"
EndProject
Global
	GlobalSection(SolutionConfigurationPlatforms) = preSolution
		Debug|Any CPU = Debug|Any CPU
		Release|Any CPU = Release|Any CPU
	EndGlobalSection
	GlobalSection(ProjectConfigurationPlatforms) = postSolution
		{3974CA24-0CB1-4971-9CFF-FDE7B266872D}.Debug|Any CPU.ActiveCfg = Debug|Any CPU
		{3974CA24-0CB1-4971-9CFF-FDE7B266872D}.Debug|Any CPU.Build.0 = Debug|Any CPU
		{3974CA24-0CB1-4971-9CFF-FDE7B266872D}.Release|Any CPU.ActiveCfg = Release|Any CPU
		{3974CA24-0CB1-4971-9CFF-FDE7B266872D}.Release|Any CPU.Build.0 = Release|Any CPU
	EndGlobalSection
	GlobalSection(SolutionProperties) = preSolution
		HideSolutionNode = FALSE
	EndGlobalSection
	GlobalSection(ExtensibilityGlobals) = postSolution
		SolutionGuid = {F6E93F91-6DBC-4AE1-BEB1-E5B4224D33FD}
	EndGlobalSection
EndGlobal
